Microsoft Visual Studio Solution File, Format Version 12.00
# Visual Studio 15
VisualStudioVersion = 15.0.26430.14
MinimumVisualStudioVersion = 10.0.40219.1
Project("{2150E333-8FDC-42A3-9474-1A3956D46DE8}") = "Decompiler", "Decompiler", "{D63035D2-2DB7-4AEF-B17F-CBCD7B2FBE28}"
EndProject
Project("{FAE04EC0-301F-11D3-BF4B-00C04F79EFBC}") = "Mono.Cecil", "src\Decompiler\Mono.Cecil\Mono.Cecil.csproj", "{83596FA9-1D9B-43CE-8FA8-A11468BF19FF}"
EndProject
Project("{FAE04EC0-301F-11D3-BF4B-00C04F79EFBC}") = "ICSharpCode.NRefactory", "src\Decompiler\ICSharpCode.NRefactory\ICSharpCode.NRefactory.csproj", "{7C2D3688-6EA9-4D3F-B50B-3B7032B835AE}"
EndProject
Project("{FAE04EC0-301F-11D3-BF4B-00C04F79EFBC}") = "ICSharpCode.NRefactory.CSharp", "src\Decompiler\ICSharpCode.NRefactory.CSharp\ICSharpCode.NRefactory.CSharp.csproj", "{3F411863-2A53-40E5-A7CC-9849DE1B8755}"
EndProject
Project("{FAE04EC0-301F-11D3-BF4B-00C04F79EFBC}") = "ICSharpCode.Decompiler", "src\Decompiler\ICSharpCode.Decompiler\ICSharpCode.Decompiler.csproj", "{CF0FA1F1-507D-4D62-BAA4-CDCFCA6CF40B}"
EndProject
Project("{FAE04EC0-301F-11D3-BF4B-00C04F79EFBC}") = "ICSharpCode.NRefactory.VisualBasic", "src\Decompiler\ICSharpCode.NRefactory.VisualBasic\ICSharpCode.NRefactory.VisualBasic.csproj", "{401EFC18-B263-416C-9743-52BA4F9D5B51}"
EndProject
Project("{2150E333-8FDC-42A3-9474-1A3956D46DE8}") = "external", "external", "{55D10C22-C86C-4E51-9143-8F0B3F09D23A}"
EndProject
Project("{2150E333-8FDC-42A3-9474-1A3956D46DE8}") = "Windows API Code Pack", "Windows API Code Pack", "{CE8527B0-5FFD-417D-992D-F57551A731E7}"
EndProject
Project("{FAE04EC0-301F-11D3-BF4B-00C04F79EFBC}") = "Microsoft.WindowsAPICodePack", "external\WindowsAPICodePack\Microsoft.WindowsAPICodePack\Microsoft.WindowsAPICodePack.csproj", "{2E1FB0DF-F9BB-4909-9F32-2D9D022A8E57}"
EndProject
Project("{FAE04EC0-301F-11D3-BF4B-00C04F79EFBC}") = "Microsoft.WindowsAPICodePack.Shell", "external\WindowsAPICodePack\Microsoft.WindowsAPICodePack.Shell\Microsoft.WindowsAPICodePack.Shell.csproj", "{AA0C00CB-8699-4F37-BFAE-40CA87ACC06D}"
EndProject
Project("{2150E333-8FDC-42A3-9474-1A3956D46DE8}") = "AppX Packaging", "AppX Packaging", "{63180059-E742-49D9-A0C5-9C61866C885D}"
EndProject
Project("{FAE04EC0-301F-11D3-BF4B-00C04F79EFBC}") = "Sunburst.AppxPackaging.Tasks", "external\AppxPackaging\Sunburst.AppxPackaging.Tasks\Sunburst.AppxPackaging.Tasks.csproj", "{736745DC-6341-4C09-AD49-1B988674C54E}"
EndProject
Project("{FAE04EC0-301F-11D3-BF4B-00C04F79EFBC}") = "Sunburst.AppxPackaging.UwpApiAnalyzer", "external\AppxPackaging\Sunburst.AppxPackaging.UwpApiAnalyzer\Sunburst.AppxPackaging.UwpApiAnalyzer.csproj", "{C97A09E0-1999-417D-9DEF-F6E766A7762B}"
EndProject
Project("{FAE04EC0-301F-11D3-BF4B-00C04F79EFBC}") = "Sunburst.AppxPackaging.PriAssemblyResolver", "external\AppxPackaging\Sunburst.AppxPackaging.PriAssemblyResolver\Sunburst.AppxPackaging.PriAssemblyResolver.csproj", "{ACDF5533-8180-4F11-987F-A9F3DCCAAEFA}"
EndProject
Project("{2150E333-8FDC-42A3-9474-1A3956D46DE8}") = "src", "src", "{C1BF5CE1-4745-4E54-A107-0EBB9F2C13A0}"
EndProject
Project("{FAE04EC0-301F-11D3-BF4B-00C04F79EFBC}") = "Mono.Cecil.Pdb", "src\Decompiler\Mono.Cecil.Pdb\Mono.Cecil.Pdb.csproj", "{63ACBA1E-E153-4611-8A02-7D797E76B6DA}"
EndProject
Global
	GlobalSection(SolutionConfigurationPlatforms) = preSolution
		CodeAnalysisDebug|Any CPU = CodeAnalysisDebug|Any CPU
		CodeAnalysisDebug|x64 = CodeAnalysisDebug|x64
		Debug|Any CPU = Debug|Any CPU
		Debug|x64 = Debug|x64
		Release|Any CPU = Release|Any CPU
		Release|x64 = Release|x64
	EndGlobalSection
	GlobalSection(ProjectConfigurationPlatforms) = postSolution
		{83596FA9-1D9B-43CE-8FA8-A11468BF19FF}.CodeAnalysisDebug|Any CPU.ActiveCfg = Debug|Any CPU
		{83596FA9-1D9B-43CE-8FA8-A11468BF19FF}.CodeAnalysisDebug|Any CPU.Build.0 = Debug|Any CPU
		{83596FA9-1D9B-43CE-8FA8-A11468BF19FF}.CodeAnalysisDebug|x64.ActiveCfg = Debug|Any CPU
		{83596FA9-1D9B-43CE-8FA8-A11468BF19FF}.CodeAnalysisDebug|x64.Build.0 = Debug|Any CPU
		{83596FA9-1D9B-43CE-8FA8-A11468BF19FF}.Debug|Any CPU.ActiveCfg = Debug|Any CPU
		{83596FA9-1D9B-43CE-8FA8-A11468BF19FF}.Debug|Any CPU.Build.0 = Debug|Any CPU
		{83596FA9-1D9B-43CE-8FA8-A11468BF19FF}.Debug|x64.ActiveCfg = Debug|Any CPU
		{83596FA9-1D9B-43CE-8FA8-A11468BF19FF}.Debug|x64.Build.0 = Debug|Any CPU
		{83596FA9-1D9B-43CE-8FA8-A11468BF19FF}.Release|Any CPU.ActiveCfg = Release|Any CPU
		{83596FA9-1D9B-43CE-8FA8-A11468BF19FF}.Release|Any CPU.Build.0 = Release|Any CPU
		{83596FA9-1D9B-43CE-8FA8-A11468BF19FF}.Release|x64.ActiveCfg = Release|Any CPU
		{83596FA9-1D9B-43CE-8FA8-A11468BF19FF}.Release|x64.Build.0 = Release|Any CPU
		{7C2D3688-6EA9-4D3F-B50B-3B7032B835AE}.CodeAnalysisDebug|Any CPU.ActiveCfg = Debug|Any CPU
		{7C2D3688-6EA9-4D3F-B50B-3B7032B835AE}.CodeAnalysisDebug|Any CPU.Build.0 = Debug|Any CPU
		{7C2D3688-6EA9-4D3F-B50B-3B7032B835AE}.CodeAnalysisDebug|x64.ActiveCfg = Debug|Any CPU
		{7C2D3688-6EA9-4D3F-B50B-3B7032B835AE}.CodeAnalysisDebug|x64.Build.0 = Debug|Any CPU
		{7C2D3688-6EA9-4D3F-B50B-3B7032B835AE}.Debug|Any CPU.ActiveCfg = Debug|Any CPU
		{7C2D3688-6EA9-4D3F-B50B-3B7032B835AE}.Debug|Any CPU.Build.0 = Debug|Any CPU
		{7C2D3688-6EA9-4D3F-B50B-3B7032B835AE}.Debug|x64.ActiveCfg = Debug|Any CPU
		{7C2D3688-6EA9-4D3F-B50B-3B7032B835AE}.Debug|x64.Build.0 = Debug|Any CPU
		{7C2D3688-6EA9-4D3F-B50B-3B7032B835AE}.Release|Any CPU.ActiveCfg = Release|Any CPU
		{7C2D3688-6EA9-4D3F-B50B-3B7032B835AE}.Release|Any CPU.Build.0 = Release|Any CPU
		{7C2D3688-6EA9-4D3F-B50B-3B7032B835AE}.Release|x64.ActiveCfg = Release|Any CPU
		{7C2D3688-6EA9-4D3F-B50B-3B7032B835AE}.Release|x64.Build.0 = Release|Any CPU
		{3F411863-2A53-40E5-A7CC-9849DE1B8755}.CodeAnalysisDebug|Any CPU.ActiveCfg = Debug|Any CPU
		{3F411863-2A53-40E5-A7CC-9849DE1B8755}.CodeAnalysisDebug|Any CPU.Build.0 = Debug|Any CPU
		{3F411863-2A53-40E5-A7CC-9849DE1B8755}.CodeAnalysisDebug|x64.ActiveCfg = Debug|Any CPU
		{3F411863-2A53-40E5-A7CC-9849DE1B8755}.CodeAnalysisDebug|x64.Build.0 = Debug|Any CPU
		{3F411863-2A53-40E5-A7CC-9849DE1B8755}.Debug|Any CPU.ActiveCfg = Debug|Any CPU
		{3F411863-2A53-40E5-A7CC-9849DE1B8755}.Debug|Any CPU.Build.0 = Debug|Any CPU
		{3F411863-2A53-40E5-A7CC-9849DE1B8755}.Debug|x64.ActiveCfg = Debug|Any CPU
		{3F411863-2A53-40E5-A7CC-9849DE1B8755}.Debug|x64.Build.0 = Debug|Any CPU
		{3F411863-2A53-40E5-A7CC-9849DE1B8755}.Release|Any CPU.ActiveCfg = Release|Any CPU
		{3F411863-2A53-40E5-A7CC-9849DE1B8755}.Release|Any CPU.Build.0 = Release|Any CPU
		{3F411863-2A53-40E5-A7CC-9849DE1B8755}.Release|x64.ActiveCfg = Release|Any CPU
		{3F411863-2A53-40E5-A7CC-9849DE1B8755}.Release|x64.Build.0 = Release|Any CPU
		{CF0FA1F1-507D-4D62-BAA4-CDCFCA6CF40B}.CodeAnalysisDebug|Any CPU.ActiveCfg = Debug|Any CPU
		{CF0FA1F1-507D-4D62-BAA4-CDCFCA6CF40B}.CodeAnalysisDebug|Any CPU.Build.0 = Debug|Any CPU
		{CF0FA1F1-507D-4D62-BAA4-CDCFCA6CF40B}.CodeAnalysisDebug|x64.ActiveCfg = Debug|Any CPU
		{CF0FA1F1-507D-4D62-BAA4-CDCFCA6CF40B}.CodeAnalysisDebug|x64.Build.0 = Debug|Any CPU
		{CF0FA1F1-507D-4D62-BAA4-CDCFCA6CF40B}.Debug|Any CPU.ActiveCfg = Debug|Any CPU
		{CF0FA1F1-507D-4D62-BAA4-CDCFCA6CF40B}.Debug|Any CPU.Build.0 = Debug|Any CPU
		{CF0FA1F1-507D-4D62-BAA4-CDCFCA6CF40B}.Debug|x64.ActiveCfg = Debug|Any CPU
		{CF0FA1F1-507D-4D62-BAA4-CDCFCA6CF40B}.Debug|x64.Build.0 = Debug|Any CPU
		{CF0FA1F1-507D-4D62-BAA4-CDCFCA6CF40B}.Release|Any CPU.ActiveCfg = Release|Any CPU
		{CF0FA1F1-507D-4D62-BAA4-CDCFCA6CF40B}.Release|Any CPU.Build.0 = Release|Any CPU
		{CF0FA1F1-507D-4D62-BAA4-CDCFCA6CF40B}.Release|x64.ActiveCfg = Release|Any CPU
		{CF0FA1F1-507D-4D62-BAA4-CDCFCA6CF40B}.Release|x64.Build.0 = Release|Any CPU
		{401EFC18-B263-416C-9743-52BA4F9D5B51}.CodeAnalysisDebug|Any CPU.ActiveCfg = Debug|Any CPU
		{401EFC18-B263-416C-9743-52BA4F9D5B51}.CodeAnalysisDebug|Any CPU.Build.0 = Debug|Any CPU
		{401EFC18-B263-416C-9743-52BA4F9D5B51}.CodeAnalysisDebug|x64.ActiveCfg = Debug|Any CPU
		{401EFC18-B263-416C-9743-52BA4F9D5B51}.CodeAnalysisDebug|x64.Build.0 = Debug|Any CPU
		{401EFC18-B263-416C-9743-52BA4F9D5B51}.Debug|Any CPU.ActiveCfg = Debug|Any CPU
		{401EFC18-B263-416C-9743-52BA4F9D5B51}.Debug|Any CPU.Build.0 = Debug|Any CPU
		{401EFC18-B263-416C-9743-52BA4F9D5B51}.Debug|x64.ActiveCfg = Debug|Any CPU
		{401EFC18-B263-416C-9743-52BA4F9D5B51}.Debug|x64.Build.0 = Debug|Any CPU
		{401EFC18-B263-416C-9743-52BA4F9D5B51}.Release|Any CPU.ActiveCfg = Release|Any CPU
		{401EFC18-B263-416C-9743-52BA4F9D5B51}.Release|Any CPU.Build.0 = Release|Any CPU
		{401EFC18-B263-416C-9743-52BA4F9D5B51}.Release|x64.ActiveCfg = Release|Any CPU
		{401EFC18-B263-416C-9743-52BA4F9D5B51}.Release|x64.Build.0 = Release|Any CPU
		{2E1FB0DF-F9BB-4909-9F32-2D9D022A8E57}.CodeAnalysisDebug|Any CPU.ActiveCfg = Debug|Any CPU
		{2E1FB0DF-F9BB-4909-9F32-2D9D022A8E57}.CodeAnalysisDebug|Any CPU.Build.0 = Debug|Any CPU
		{2E1FB0DF-F9BB-4909-9F32-2D9D022A8E57}.CodeAnalysisDebug|x64.ActiveCfg = Debug|x64
		{2E1FB0DF-F9BB-4909-9F32-2D9D022A8E57}.CodeAnalysisDebug|x64.Build.0 = Debug|x64
		{2E1FB0DF-F9BB-4909-9F32-2D9D022A8E57}.Debug|Any CPU.ActiveCfg = Debug|Any CPU
		{2E1FB0DF-F9BB-4909-9F32-2D9D022A8E57}.Debug|Any CPU.Build.0 = Debug|Any CPU
		{2E1FB0DF-F9BB-4909-9F32-2D9D022A8E57}.Debug|x64.ActiveCfg = Debug|x64
		{2E1FB0DF-F9BB-4909-9F32-2D9D022A8E57}.Debug|x64.Build.0 = Debug|x64
		{2E1FB0DF-F9BB-4909-9F32-2D9D022A8E57}.Release|Any CPU.ActiveCfg = Release|Any CPU
		{2E1FB0DF-F9BB-4909-9F32-2D9D022A8E57}.Release|Any CPU.Build.0 = Release|Any CPU
		{2E1FB0DF-F9BB-4909-9F32-2D9D022A8E57}.Release|x64.ActiveCfg = Release|x64
		{2E1FB0DF-F9BB-4909-9F32-2D9D022A8E57}.Release|x64.Build.0 = Release|x64
		{AA0C00CB-8699-4F37-BFAE-40CA87ACC06D}.CodeAnalysisDebug|Any CPU.ActiveCfg = CodeAnalysisDebug|Any CPU
		{AA0C00CB-8699-4F37-BFAE-40CA87ACC06D}.CodeAnalysisDebug|Any CPU.Build.0 = CodeAnalysisDebug|Any CPU
		{AA0C00CB-8699-4F37-BFAE-40CA87ACC06D}.CodeAnalysisDebug|x64.ActiveCfg = CodeAnalysisDebug|x64
		{AA0C00CB-8699-4F37-BFAE-40CA87ACC06D}.CodeAnalysisDebug|x64.Build.0 = CodeAnalysisDebug|x64
		{AA0C00CB-8699-4F37-BFAE-40CA87ACC06D}.Debug|Any CPU.ActiveCfg = Debug|Any CPU
		{AA0C00CB-8699-4F37-BFAE-40CA87ACC06D}.Debug|Any CPU.Build.0 = Debug|Any CPU
		{AA0C00CB-8699-4F37-BFAE-40CA87ACC06D}.Debug|x64.ActiveCfg = Debug|x64
		{AA0C00CB-8699-4F37-BFAE-40CA87ACC06D}.Debug|x64.Build.0 = Debug|x64
		{AA0C00CB-8699-4F37-BFAE-40CA87ACC06D}.Release|Any CPU.ActiveCfg = Release|Any CPU
		{AA0C00CB-8699-4F37-BFAE-40CA87ACC06D}.Release|Any CPU.Build.0 = Release|Any CPU
		{AA0C00CB-8699-4F37-BFAE-40CA87ACC06D}.Release|x64.ActiveCfg = Release|x64
		{AA0C00CB-8699-4F37-BFAE-40CA87ACC06D}.Release|x64.Build.0 = Release|x64
		{736745DC-6341-4C09-AD49-1B988674C54E}.CodeAnalysisDebug|Any CPU.ActiveCfg = Debug|Any CPU
		{736745DC-6341-4C09-AD49-1B988674C54E}.CodeAnalysisDebug|Any CPU.Build.0 = Debug|Any CPU
		{736745DC-6341-4C09-AD49-1B988674C54E}.CodeAnalysisDebug|x64.ActiveCfg = Debug|Any CPU
		{736745DC-6341-4C09-AD49-1B988674C54E}.CodeAnalysisDebug|x64.Build.0 = Debug|Any CPU
		{736745DC-6341-4C09-AD49-1B988674C54E}.Debug|Any CPU.ActiveCfg = Debug|Any CPU
		{736745DC-6341-4C09-AD49-1B988674C54E}.Debug|Any CPU.Build.0 = Debug|Any CPU
		{736745DC-6341-4C09-AD49-1B988674C54E}.Debug|x64.ActiveCfg = Debug|Any CPU
		{736745DC-6341-4C09-AD49-1B988674C54E}.Debug|x64.Build.0 = Debug|Any CPU
		{736745DC-6341-4C09-AD49-1B988674C54E}.Release|Any CPU.ActiveCfg = Release|Any CPU
		{736745DC-6341-4C09-AD49-1B988674C54E}.Release|Any CPU.Build.0 = Release|Any CPU
		{736745DC-6341-4C09-AD49-1B988674C54E}.Release|x64.ActiveCfg = Release|Any CPU
		{736745DC-6341-4C09-AD49-1B988674C54E}.Release|x64.Build.0 = Release|Any CPU
		{C97A09E0-1999-417D-9DEF-F6E766A7762B}.CodeAnalysisDebug|Any CPU.ActiveCfg = Debug|Any CPU
		{C97A09E0-1999-417D-9DEF-F6E766A7762B}.CodeAnalysisDebug|Any CPU.Build.0 = Debug|Any CPU
		{C97A09E0-1999-417D-9DEF-F6E766A7762B}.CodeAnalysisDebug|x64.ActiveCfg = Debug|Any CPU
		{C97A09E0-1999-417D-9DEF-F6E766A7762B}.CodeAnalysisDebug|x64.Build.0 = Debug|Any CPU
		{C97A09E0-1999-417D-9DEF-F6E766A7762B}.Debug|Any CPU.ActiveCfg = Debug|Any CPU
		{C97A09E0-1999-417D-9DEF-F6E766A7762B}.Debug|Any CPU.Build.0 = Debug|Any CPU
		{C97A09E0-1999-417D-9DEF-F6E766A7762B}.Debug|x64.ActiveCfg = Debug|Any CPU
		{C97A09E0-1999-417D-9DEF-F6E766A7762B}.Debug|x64.Build.0 = Debug|Any CPU
		{C97A09E0-1999-417D-9DEF-F6E766A7762B}.Release|Any CPU.ActiveCfg = Release|Any CPU
		{C97A09E0-1999-417D-9DEF-F6E766A7762B}.Release|Any CPU.Build.0 = Release|Any CPU
		{C97A09E0-1999-417D-9DEF-F6E766A7762B}.Release|x64.ActiveCfg = Release|Any CPU
		{C97A09E0-1999-417D-9DEF-F6E766A7762B}.Release|x64.Build.0 = Release|Any CPU
		{ACDF5533-8180-4F11-987F-A9F3DCCAAEFA}.CodeAnalysisDebug|Any CPU.ActiveCfg = Debug|Any CPU
		{ACDF5533-8180-4F11-987F-A9F3DCCAAEFA}.CodeAnalysisDebug|Any CPU.Build.0 = Debug|Any CPU
		{ACDF5533-8180-4F11-987F-A9F3DCCAAEFA}.CodeAnalysisDebug|x64.ActiveCfg = Debug|Any CPU
		{ACDF5533-8180-4F11-987F-A9F3DCCAAEFA}.CodeAnalysisDebug|x64.Build.0 = Debug|Any CPU
		{ACDF5533-8180-4F11-987F-A9F3DCCAAEFA}.Debug|Any CPU.ActiveCfg = Debug|Any CPU
		{ACDF5533-8180-4F11-987F-A9F3DCCAAEFA}.Debug|Any CPU.Build.0 = Debug|Any CPU
		{ACDF5533-8180-4F11-987F-A9F3DCCAAEFA}.Debug|x64.ActiveCfg = Debug|Any CPU
		{ACDF5533-8180-4F11-987F-A9F3DCCAAEFA}.Debug|x64.Build.0 = Debug|Any CPU
		{ACDF5533-8180-4F11-987F-A9F3DCCAAEFA}.Release|Any CPU.ActiveCfg = Release|Any CPU
		{ACDF5533-8180-4F11-987F-A9F3DCCAAEFA}.Release|Any CPU.Build.0 = Release|Any CPU
		{ACDF5533-8180-4F11-987F-A9F3DCCAAEFA}.Release|x64.ActiveCfg = Release|Any CPU
		{ACDF5533-8180-4F11-987F-A9F3DCCAAEFA}.Release|x64.Build.0 = Release|Any CPU
		{63ACBA1E-E153-4611-8A02-7D797E76B6DA}.CodeAnalysisDebug|Any CPU.ActiveCfg = Debug|Any CPU
		{63ACBA1E-E153-4611-8A02-7D797E76B6DA}.CodeAnalysisDebug|Any CPU.Build.0 = Debug|Any CPU
		{63ACBA1E-E153-4611-8A02-7D797E76B6DA}.CodeAnalysisDebug|x64.ActiveCfg = Debug|Any CPU
		{63ACBA1E-E153-4611-8A02-7D797E76B6DA}.CodeAnalysisDebug|x64.Build.0 = Debug|Any CPU
		{63ACBA1E-E153-4611-8A02-7D797E76B6DA}.Debug|Any CPU.ActiveCfg = Debug|Any CPU
		{63ACBA1E-E153-4611-8A02-7D797E76B6DA}.Debug|Any CPU.Build.0 = Debug|Any CPU
		{63ACBA1E-E153-4611-8A02-7D797E76B6DA}.Debug|x64.ActiveCfg = Debug|Any CPU
		{63ACBA1E-E153-4611-8A02-7D797E76B6DA}.Debug|x64.Build.0 = Debug|Any CPU
		{63ACBA1E-E153-4611-8A02-7D797E76B6DA}.Release|Any CPU.ActiveCfg = Release|Any CPU
		{63ACBA1E-E153-4611-8A02-7D797E76B6DA}.Release|Any CPU.Build.0 = Release|Any CPU
		{63ACBA1E-E153-4611-8A02-7D797E76B6DA}.Release|x64.ActiveCfg = Release|Any CPU
		{63ACBA1E-E153-4611-8A02-7D797E76B6DA}.Release|x64.Build.0 = Release|Any CPU
	EndGlobalSection
	GlobalSection(SolutionProperties) = preSolution
		HideSolutionNode = FALSE
	EndGlobalSection
	GlobalSection(NestedProjects) = preSolution
		{D63035D2-2DB7-4AEF-B17F-CBCD7B2FBE28} = {C1BF5CE1-4745-4E54-A107-0EBB9F2C13A0}
		{83596FA9-1D9B-43CE-8FA8-A11468BF19FF} = {D63035D2-2DB7-4AEF-B17F-CBCD7B2FBE28}
		{7C2D3688-6EA9-4D3F-B50B-3B7032B835AE} = {D63035D2-2DB7-4AEF-B17F-CBCD7B2FBE28}
		{3F411863-2A53-40E5-A7CC-9849DE1B8755} = {D63035D2-2DB7-4AEF-B17F-CBCD7B2FBE28}
		{CF0FA1F1-507D-4D62-BAA4-CDCFCA6CF40B} = {D63035D2-2DB7-4AEF-B17F-CBCD7B2FBE28}
		{401EFC18-B263-416C-9743-52BA4F9D5B51} = {D63035D2-2DB7-4AEF-B17F-CBCD7B2FBE28}
		{CE8527B0-5FFD-417D-992D-F57551A731E7} = {55D10C22-C86C-4E51-9143-8F0B3F09D23A}
		{2E1FB0DF-F9BB-4909-9F32-2D9D022A8E57} = {CE8527B0-5FFD-417D-992D-F57551A731E7}
		{AA0C00CB-8699-4F37-BFAE-40CA87ACC06D} = {CE8527B0-5FFD-417D-992D-F57551A731E7}
		{63180059-E742-49D9-A0C5-9C61866C885D} = {55D10C22-C86C-4E51-9143-8F0B3F09D23A}
		{736745DC-6341-4C09-AD49-1B988674C54E} = {63180059-E742-49D9-A0C5-9C61866C885D}
		{C97A09E0-1999-417D-9DEF-F6E766A7762B} = {63180059-E742-49D9-A0C5-9C61866C885D}
		{ACDF5533-8180-4F11-987F-A9F3DCCAAEFA} = {63180059-E742-49D9-A0C5-9C61866C885D}
		{63ACBA1E-E153-4611-8A02-7D797E76B6DA} = {D63035D2-2DB7-4AEF-B17F-CBCD7B2FBE28}
	EndGlobalSection
EndGlobal
